
Microsoft Visual Studio Solution File, Format Version 12.00
# Visual Studio Version 17
VisualStudioVersion = 17.4.33403.182
MinimumVisualStudioVersion = 10.0.40219.1
Project("{FAE04EC0-301F-11D3-BF4B-00C04F79EFBC}") = "inicioDeSesion", "inicioDeSesion\inicioDeSesion.csproj", "{A25C01AD-B38B-471A-99CE-12A8B3339B02}"
EndProject
Global
	GlobalSection(SolutionConfigurationPlatforms) = preSolution
		Debug|Any CPU = Debug|Any CPU
		Release|Any CPU = Release|Any CPU
	EndGlobalSection
	GlobalSection(ProjectConfigurationPlatforms) = postSolution
		{A25C01AD-B38B-471A-99CE-12A8B3339B02}.Debug|Any CPU.ActiveCfg = Debug|Any CPU
		{A25C01AD-B38B-471A-99CE-12A8B3339B02}.Debug|Any CPU.Build.0 = Debug|Any CPU
		{A25C01AD-B38B-471A-99CE-12A8B3339B02}.Release|Any CPU.ActiveCfg = Release|Any CPU
		{A25C01AD-B38B-471A-99CE-12A8B3339B02}.Release|Any CPU.Build.0 = Release|Any CPU
	EndGlobalSection
	GlobalSection(SolutionProperties) = preSolution
		HideSolutionNode = FALSE
	EndGlobalSection
	GlobalSection(ExtensibilityGlobals) = postSolution
		SolutionGuid = {0C37E884-DDCA-491A-9325-288F92001CBA}
	EndGlobalSection
EndGlobal
